
Microsoft Visual Studio Solution File, Format Version 12.00
# Visual Studio Version 17
VisualStudioVersion = 17.10.35013.160
MinimumVisualStudioVersion = 10.0.40219.1
Project("{2150E333-8FDC-42A3-9474-1A3956D46DE8}") = "Services", "Services", "{DAAB6807-BB05-4A20-83E4-3ABB4633E796}"
EndProject
Project("{2150E333-8FDC-42A3-9474-1A3956D46DE8}") = "BuildingBlocks", "BuildingBlocks", "{0474B018-DA75-4810-A833-79FC531BFDA3}"
EndProject
Project("{9A19103F-16F7-4668-BE54-9A1E7A4F7556}") = "BuildingBlocks", "BuildingBlocks\BuildingBlocks\BuildingBlocks.csproj", "{72B808FF-D80C-4403-9A64-A1428203F989}"
EndProject
Project("{9A19103F-16F7-4668-BE54-9A1E7A4F7556}") = "BuildingBlocks.Messaging", "BuildingBlocks\BuildingBlocks.Messaging\BuildingBlocks.Messaging.csproj", "{34194587-F23F-4322-B511-BED4BDFD8CDE}"
EndProject
Project("{9A19103F-16F7-4668-BE54-9A1E7A4F7556}") = "Catalog.API", "Services\Catalog\Catalog.API\Catalog.API.csproj", "{D1DBDD02-FE37-4A65-99FF-F3F3B6179CC4}"
EndProject
Project("{E53339B2-1760-4266-BCC7-CA923CBCF16C}") = "docker-compose", "docker-compose.dcproj", "{6099221A-4982-48F2-9D03-D8C28BE07627}"
EndProject
Project("{2150E333-8FDC-42A3-9474-1A3956D46DE8}") = "Catalog", "Catalog", "{E323DFAC-E445-4567-9D19-5BC642E42ADD}"
EndProject
Project("{2150E333-8FDC-42A3-9474-1A3956D46DE8}") = "Basket", "Basket", "{1863C8B9-B3A4-43B5-BE94-253101DBA3B0}"
EndProject
Project("{9A19103F-16F7-4668-BE54-9A1E7A4F7556}") = "Basket.API", "Services\Basket\Basket.API\Basket.API.csproj", "{FF272C94-0574-4EF2-A1E5-00FC8227C887}"
EndProject
Project("{2150E333-8FDC-42A3-9474-1A3956D46DE8}") = "Discount", "Discount", "{DAB360EB-3F59-410F-918E-7F9088F19D30}"
EndProject
Project("{9A19103F-16F7-4668-BE54-9A1E7A4F7556}") = "Discount.Grpc", "Services\Discount\Discount.Grpc\Discount.Grpc.csproj", "{C954F6AD-AB06-4B77-A7D0-1E6F700A51C4}"
EndProject
Project("{2150E333-8FDC-42A3-9474-1A3956D46DE8}") = "Ordering", "Ordering", "{4F936388-1D5E-463D-95CF-8262FB55428F}"
EndProject
Project("{9A19103F-16F7-4668-BE54-9A1E7A4F7556}") = "Ordering.Domain", "Services\Ordering\Ordering.Domain\Ordering.Domain.csproj", "{6FD966F4-BA39-49CB-A57A-1B571741F64B}"
EndProject
Project("{9A19103F-16F7-4668-BE54-9A1E7A4F7556}") = "Ordering.API", "Services\Ordering\Ordering.API\Ordering.API.csproj", "{CA846A3A-4F0B-4C69-9D7A-55CA833D5BDE}"
EndProject
Project("{9A19103F-16F7-4668-BE54-9A1E7A4F7556}") = "Ordering.Application", "Services\Ordering\Ordering.Application\Ordering.Application.csproj", "{280620EF-474F-4479-B25E-001A9CE179D3}"
EndProject
Project("{9A19103F-16F7-4668-BE54-9A1E7A4F7556}") = "Ordering.Infrastructure", "Services\Ordering\Ordering.Infrastructure\Ordering.Infrastructure.csproj", "{88E8527B-85D0-41BD-8EFF-678198350454}"
EndProject
Project("{2150E333-8FDC-42A3-9474-1A3956D46DE8}") = "ApiGateways", "ApiGateways", "{8C55538B-9018-472C-BD2D-89B01932F35F}"
EndProject
Project("{FAE04EC0-301F-11D3-BF4B-00C04F79EFBC}") = "YarpApiGateway", "ApiGateways\YarpApiGateway\YarpApiGateway.csproj", "{2B32A9E4-4548-4F74-ABBB-23225FDFC81D}"
EndProject
Global
	GlobalSection(SolutionConfigurationPlatforms) = preSolution
		Debug|Any CPU = Debug|Any CPU
		Release|Any CPU = Release|Any CPU
	EndGlobalSection
	GlobalSection(ProjectConfigurationPlatforms) = postSolution
		{72B808FF-D80C-4403-9A64-A1428203F989}.Debug|Any CPU.ActiveCfg = Debug|Any CPU
		{72B808FF-D80C-4403-9A64-A1428203F989}.Debug|Any CPU.Build.0 = Debug|Any CPU
		{72B808FF-D80C-4403-9A64-A1428203F989}.Release|Any CPU.ActiveCfg = Release|Any CPU
		{72B808FF-D80C-4403-9A64-A1428203F989}.Release|Any CPU.Build.0 = Release|Any CPU
		{34194587-F23F-4322-B511-BED4BDFD8CDE}.Debug|Any CPU.ActiveCfg = Debug|Any CPU
		{34194587-F23F-4322-B511-BED4BDFD8CDE}.Debug|Any CPU.Build.0 = Debug|Any CPU
		{34194587-F23F-4322-B511-BED4BDFD8CDE}.Release|Any CPU.ActiveCfg = Release|Any CPU
		{34194587-F23F-4322-B511-BED4BDFD8CDE}.Release|Any CPU.Build.0 = Release|Any CPU
		{D1DBDD02-FE37-4A65-99FF-F3F3B6179CC4}.Debug|Any CPU.ActiveCfg = Debug|Any CPU
		{D1DBDD02-FE37-4A65-99FF-F3F3B6179CC4}.Debug|Any CPU.Build.0 = Debug|Any CPU
		{D1DBDD02-FE37-4A65-99FF-F3F3B6179CC4}.Release|Any CPU.ActiveCfg = Release|Any CPU
		{D1DBDD02-FE37-4A65-99FF-F3F3B6179CC4}.Release|Any CPU.Build.0 = Release|Any CPU
		{6099221A-4982-48F2-9D03-D8C28BE07627}.Debug|Any CPU.ActiveCfg = Debug|Any CPU
		{6099221A-4982-48F2-9D03-D8C28BE07627}.Debug|Any CPU.Build.0 = Debug|Any CPU
		{6099221A-4982-48F2-9D03-D8C28BE07627}.Release|Any CPU.ActiveCfg = Release|Any CPU
		{6099221A-4982-48F2-9D03-D8C28BE07627}.Release|Any CPU.Build.0 = Release|Any CPU
		{FF272C94-0574-4EF2-A1E5-00FC8227C887}.Debug|Any CPU.ActiveCfg = Debug|Any CPU
		{FF272C94-0574-4EF2-A1E5-00FC8227C887}.Debug|Any CPU.Build.0 = Debug|Any CPU
		{FF272C94-0574-4EF2-A1E5-00FC8227C887}.Release|Any CPU.ActiveCfg = Release|Any CPU
		{FF272C94-0574-4EF2-A1E5-00FC8227C887}.Release|Any CPU.Build.0 = Release|Any CPU
		{C954F6AD-AB06-4B77-A7D0-1E6F700A51C4}.Debug|Any CPU.ActiveCfg = Debug|Any CPU
		{C954F6AD-AB06-4B77-A7D0-1E6F700A51C4}.Debug|Any CPU.Build.0 = Debug|Any CPU
		{C954F6AD-AB06-4B77-A7D0-1E6F700A51C4}.Release|Any CPU.ActiveCfg = Release|Any CPU
		{C954F6AD-AB06-4B77-A7D0-1E6F700A51C4}.Release|Any CPU.Build.0 = Release|Any CPU
		{6FD966F4-BA39-49CB-A57A-1B571741F64B}.Debug|Any CPU.ActiveCfg = Debug|Any CPU
		{6FD966F4-BA39-49CB-A57A-1B571741F64B}.Debug|Any CPU.Build.0 = Debug|Any CPU
		{6FD966F4-BA39-49CB-A57A-1B571741F64B}.Release|Any CPU.ActiveCfg = Release|Any CPU
		{6FD966F4-BA39-49CB-A57A-1B571741F64B}.Release|Any CPU.Build.0 = Release|Any CPU
		{CA846A3A-4F0B-4C69-9D7A-55CA833D5BDE}.Debug|Any CPU.ActiveCfg = Debug|Any CPU
		{CA846A3A-4F0B-4C69-9D7A-55CA833D5BDE}.Debug|Any CPU.Build.0 = Debug|Any CPU
		{CA846A3A-4F0B-4C69-9D7A-55CA833D5BDE}.Release|Any CPU.ActiveCfg = Release|Any CPU
		{CA846A3A-4F0B-4C69-9D7A-55CA833D5BDE}.Release|Any CPU.Build.0 = Release|Any CPU
		{280620EF-474F-4479-B25E-001A9CE179D3}.Debug|Any CPU.ActiveCfg = Debug|Any CPU
		{280620EF-474F-4479-B25E-001A9CE179D3}.Debug|Any CPU.Build.0 = Debug|Any CPU
		{280620EF-474F-4479-B25E-001A9CE179D3}.Release|Any CPU.ActiveCfg = Release|Any CPU
		{280620EF-474F-4479-B25E-001A9CE179D3}.Release|Any CPU.Build.0 = Release|Any CPU
		{88E8527B-85D0-41BD-8EFF-678198350454}.Debug|Any CPU.ActiveCfg = Debug|Any CPU
		{88E8527B-85D0-41BD-8EFF-678198350454}.Debug|Any CPU.Build.0 = Debug|Any CPU
		{88E8527B-85D0-41BD-8EFF-678198350454}.Release|Any CPU.ActiveCfg = Release|Any CPU
		{88E8527B-85D0-41BD-8EFF-678198350454}.Release|Any CPU.Build.0 = Release|Any CPU
		{2B32A9E4-4548-4F74-ABBB-23225FDFC81D}.Debug|Any CPU.ActiveCfg = Debug|Any CPU
		{2B32A9E4-4548-4F74-ABBB-23225FDFC81D}.Debug|Any CPU.Build.0 = Debug|Any CPU
		{2B32A9E4-4548-4F74-ABBB-23225FDFC81D}.Release|Any CPU.ActiveCfg = Release|Any CPU
		{2B32A9E4-4548-4F74-ABBB-23225FDFC81D}.Release|Any CPU.Build.0 = Release|Any CPU
	EndGlobalSection
	GlobalSection(SolutionProperties) = preSolution
		HideSolutionNode = FALSE
	EndGlobalSection
	GlobalSection(NestedProjects) = preSolution
		{72B808FF-D80C-4403-9A64-A1428203F989} = {0474B018-DA75-4810-A833-79FC531BFDA3}
		{34194587-F23F-4322-B511-BED4BDFD8CDE} = {0474B018-DA75-4810-A833-79FC531BFDA3}
		{D1DBDD02-FE37-4A65-99FF-F3F3B6179CC4} = {E323DFAC-E445-4567-9D19-5BC642E42ADD}
		{E323DFAC-E445-4567-9D19-5BC642E42ADD} = {DAAB6807-BB05-4A20-83E4-3ABB4633E796}
		{1863C8B9-B3A4-43B5-BE94-253101DBA3B0} = {DAAB6807-BB05-4A20-83E4-3ABB4633E796}
		{FF272C94-0574-4EF2-A1E5-00FC8227C887} = {1863C8B9-B3A4-43B5-BE94-253101DBA3B0}
		{DAB360EB-3F59-410F-918E-7F9088F19D30} = {DAAB6807-BB05-4A20-83E4-3ABB4633E796}
		{C954F6AD-AB06-4B77-A7D0-1E6F700A51C4} = {DAB360EB-3F59-410F-918E-7F9088F19D30}
		{4F936388-1D5E-463D-95CF-8262FB55428F} = {DAAB6807-BB05-4A20-83E4-3ABB4633E796}
		{6FD966F4-BA39-49CB-A57A-1B571741F64B} = {4F936388-1D5E-463D-95CF-8262FB55428F}
		{CA846A3A-4F0B-4C69-9D7A-55CA833D5BDE} = {4F936388-1D5E-463D-95CF-8262FB55428F}
		{280620EF-474F-4479-B25E-001A9CE179D3} = {4F936388-1D5E-463D-95CF-8262FB55428F}
		{88E8527B-85D0-41BD-8EFF-678198350454} = {4F936388-1D5E-463D-95CF-8262FB55428F}
		{2B32A9E4-4548-4F74-ABBB-23225FDFC81D} = {8C55538B-9018-472C-BD2D-89B01932F35F}
	EndGlobalSection
	GlobalSection(ExtensibilityGlobals) = postSolution
		SolutionGuid = {C0632290-9AC3-4D6A-8A47-373A0D1C6A44}
	EndGlobalSection
EndGlobal
